<?xml version="1.0" encoding="utf-8"?>
<Project ToolsVersion="15.0" xmlns="http://schemas.microsoft.com/developer/msbuild/2003">
  <ItemGroup>
    <ClCompile Include="C:\Users\Admin\Documents\cmake_projects\opencv\src\Source1.cpp">
      <Filter>Source Files</Filter>
    </ClCompile>
    <ClCompile Include="C:\Users\Admin\Documents\cmake_projects\opencv\src\mainwindow.cpp">
      <Filter>Source Files</Filter>
    </ClCompile>
    <ClCompile Include="C:\Users\Admin\Documents\cmake_projects\opencv\src\Worker.cpp">
      <Filter>Source Files</Filter>
    </ClCompile>
    <ClCompile Include="C:\Users\Admin\Documents\cmake_projects\opencv\build\src\moc_mainwindow.cpp">
      <Filter>Source Files</Filter>
    </ClCompile>
    <ClCompile Include="C:\Users\Admin\Documents\cmake_projects\opencv\build\src\moc_utils.cpp">
      <Filter>Source Files</Filter>
    </ClCompile>
    <ClCompile Include="C:\Users\Admin\Documents\cmake_projects\opencv\build\src\moc_Worker.cpp">
      <Filter>Source Files</Filter>
    </ClCompile>
    <ClCompile Include="C:\Users\Admin\Documents\cmake_projects\opencv\build\opencv_autogen\mocs_compilation.cpp">
      <Filter>Source Files</Filter>
    </ClCompile>
  </ItemGroup>
  <ItemGroup>
    <ClInclude Include="C:\Users\Admin\Documents\cmake_projects\opencv\src\mainwindow.h">
      <Filter>Header Files</Filter>
    </ClInclude>
    <ClInclude Include="C:\Users\Admin\Documents\cmake_projects\opencv\src\utils.h">
      <Filter>Header Files</Filter>
    </ClInclude>
    <ClInclude Include="C:\Users\Admin\Documents\cmake_projects\opencv\src\Worker.h">
      <Filter>Header Files</Filter>
    </ClInclude>
    <ClInclude Include="C:\Users\Admin\Documents\cmake_projects\opencv\build\ui_mainwindow.h">
      <Filter>Header Files</Filter>
    </ClInclude>
  </ItemGroup>
  <ItemGroup>
    <CustomBuild Include="C:\Users\Admin\Documents\cmake_projects\build\CMakeFiles\fce1f941c666606acf237a2db491ce23\moc_mainwindow.cpp.rule">
      <Filter>CMake Rules</Filter>
    </CustomBuild>
    <CustomBuild Include="C:\Users\Admin\Documents\cmake_projects\build\CMakeFiles\fce1f941c666606acf237a2db491ce23\moc_utils.cpp.rule">
      <Filter>CMake Rules</Filter>
    </CustomBuild>
    <CustomBuild Include="C:\Users\Admin\Documents\cmake_projects\build\CMakeFiles\fce1f941c666606acf237a2db491ce23\moc_Worker.cpp.rule">
      <Filter>CMake Rules</Filter>
    </CustomBuild>
    <CustomBuild Include="C:\Users\Admin\Documents\cmake_projects\opencv\src\mainwindow.ui" />
    <CustomBuild Include="C:\Users\Admin\Documents\cmake_projects\opencv\CMakeLists.txt" />
  </ItemGroup>
  <ItemGroup>
    <Filter Include="CMake Rules">
      <UniqueIdentifier>{6D677AFF-A412-3D1C-ACA8-45476B86CBCF}</UniqueIdentifier>
    </Filter>
    <Filter Include="Header Files">
      <UniqueIdentifier>{B24C9434-BAF7-3BD0-8315-22DA21851186}</UniqueIdentifier>
    </Filter>
    <Filter Include="Source Files">
      <UniqueIdentifier>{B7F955BB-85A7-3AAE-80CC-073D60936A83}</UniqueIdentifier>
    </Filter>
  </ItemGroup>
</Project>
