Microsoft Visual Studio Solution File, Format Version 12.00
# Visual Studio 15
Project("{2150E333-8FDC-42A3-9474-1A3956D46DE8}") = "CMakePredefinedTargets", "CMakePredefinedTargets", "{8829CAB4-A6AC-36B4-88F2-EFBAB94AF729}"
EndProject
Project("{8BC9CEB8-8B4A-11D0-8D11-00A0C91BC942}") = "ALL_BUILD", "ALL_BUILD.vcxproj", "{1EC882B7-026D-373B-9C14-74CEF4A31490}"
	ProjectSection(ProjectDependencies) = postProject
		{10327202-19C2-3C12-9FDA-7D44EAFDF7F3} = {10327202-19C2-3C12-9FDA-7D44EAFDF7F3}
		{CB1196BA-D9EC-34C2-BD93-E86C08276B48} = {CB1196BA-D9EC-34C2-BD93-E86C08276B48}
	EndProjectSection
EndProject
Project("{8BC9CEB8-8B4A-11D0-8D11-00A0C91BC942}") = "ZERO_CHECK", "..\..\build\ZERO_CHECK.vcxproj", "{10327202-19C2-3C12-9FDA-7D44EAFDF7F3}"
	ProjectSection(ProjectDependencies) = postProject
	EndProjectSection
EndProject
Project("{8BC9CEB8-8B4A-11D0-8D11-00A0C91BC942}") = "opencv", "opencv.vcxproj", "{CB1196BA-D9EC-34C2-BD93-E86C08276B48}"
	ProjectSection(ProjectDependencies) = postProject
		{10327202-19C2-3C12-9FDA-7D44EAFDF7F3} = {10327202-19C2-3C12-9FDA-7D44EAFDF7F3}
	EndProjectSection
EndProject
Global
	GlobalSection(SolutionConfigurationPlatforms) = preSolution
		Debug|x64 = Debug|x64
		Release|x64 = Release|x64
		MinSizeRel|x64 = MinSizeRel|x64
		RelWithDebInfo|x64 = RelWithDebInfo|x64
	EndGlobalSection
	GlobalSection(ProjectConfigurationPlatforms) = postSolution
		{1EC882B7-026D-373B-9C14-74CEF4A31490}.Debug|x64.ActiveCfg = Debug|x64
		{1EC882B7-026D-373B-9C14-74CEF4A31490}.Release|x64.ActiveCfg = Release|x64
		{1EC882B7-026D-373B-9C14-74CEF4A31490}.MinSizeRel|x64.ActiveCfg = MinSizeRel|x64
		{1EC882B7-026D-373B-9C14-74CEF4A31490}.RelWithDebInfo|x64.ActiveCfg = RelWithDebInfo|x64
		{10327202-19C2-3C12-9FDA-7D44EAFDF7F3}.Debug|x64.ActiveCfg = Debug|x64
		{10327202-19C2-3C12-9FDA-7D44EAFDF7F3}.Debug|x64.Build.0 = Debug|x64
		{10327202-19C2-3C12-9FDA-7D44EAFDF7F3}.Release|x64.ActiveCfg = Release|x64
		{10327202-19C2-3C12-9FDA-7D44EAFDF7F3}.Release|x64.Build.0 = Release|x64
		{10327202-19C2-3C12-9FDA-7D44EAFDF7F3}.MinSizeRel|x64.ActiveCfg = MinSizeRel|x64
		{10327202-19C2-3C12-9FDA-7D44EAFDF7F3}.MinSizeRel|x64.Build.0 = MinSizeRel|x64
		{10327202-19C2-3C12-9FDA-7D44EAFDF7F3}.RelWithDebInfo|x64.ActiveCfg = RelWithDebInfo|x64
		{10327202-19C2-3C12-9FDA-7D44EAFDF7F3}.RelWithDebInfo|x64.Build.0 = RelWithDebInfo|x64
		{CB1196BA-D9EC-34C2-BD93-E86C08276B48}.Debug|x64.ActiveCfg = Debug|x64
		{CB1196BA-D9EC-34C2-BD93-E86C08276B48}.Debug|x64.Build.0 = Debug|x64
		{CB1196BA-D9EC-34C2-BD93-E86C08276B48}.Release|x64.ActiveCfg = Release|x64
		{CB1196BA-D9EC-34C2-BD93-E86C08276B48}.Release|x64.Build.0 = Release|x64
		{CB1196BA-D9EC-34C2-BD93-E86C08276B48}.MinSizeRel|x64.ActiveCfg = MinSizeRel|x64
		{CB1196BA-D9EC-34C2-BD93-E86C08276B48}.MinSizeRel|x64.Build.0 = MinSizeRel|x64
		{CB1196BA-D9EC-34C2-BD93-E86C08276B48}.RelWithDebInfo|x64.ActiveCfg = RelWithDebInfo|x64
		{CB1196BA-D9EC-34C2-BD93-E86C08276B48}.RelWithDebInfo|x64.Build.0 = RelWithDebInfo|x64
	EndGlobalSection
	GlobalSection(NestedProjects) = preSolution
		{1EC882B7-026D-373B-9C14-74CEF4A31490} = {8829CAB4-A6AC-36B4-88F2-EFBAB94AF729}
		{10327202-19C2-3C12-9FDA-7D44EAFDF7F3} = {8829CAB4-A6AC-36B4-88F2-EFBAB94AF729}
	EndGlobalSection
	GlobalSection(ExtensibilityGlobals) = postSolution
		SolutionGuid = {706554CF-8BD1-392B-965D-167AE6FC4A6B}
	EndGlobalSection
	GlobalSection(ExtensibilityAddIns) = postSolution
	EndGlobalSection
EndGlobal
